{
  "version": 4,
  "terraform_version": "0.12.20",
  "serial": 59,
  "lineage": "f1472615-d2a1-ab7c-e8a3-e7fce151d916",
  "outputs": {},
  "resources": [
    {
      "mode": "managed",
      "type": "libvirt_cloudinit_disk",
      "name": "ieatrheldir5b_cloudinit_disk",
      "provider": "provider.libvirt",
      "instances": [
        {
          "schema_version": 0,
          "attributes": {
            "id": "/var/lib/libvirt/images/ieatrheldir5b_cloudinit_disk;5e71f45a-0017-6719-3e7b-3c666691afee",
            "meta_data": "instance-id: \"ieatrheldir5b-001\"\nlocal-hostname: \"ieatrheldir5b\"\n",
            "name": "ieatrheldir5b_cloudinit_disk",
            "network_config": "version: 1\nconfig:\n  - type: physical\n    name: eth0\n    subnets:\n      - type: static\n        address: 131.160.194.209/26\n        gateway: 131.160.194.193\n  - type: nameserver\n    address:\n      - 159.107.173.12\n      - 159.107.173.3\n    search:\n      - athtem.eei.ericsson.se\n      - ericsson.se\n",
            "pool": "default",
            "user_data": "#cloud-config\ndebug: True\nchpasswd:\n  expire: False\n  list: |\n    root:$6$W6ORbdzbXRyoGi8q$ngK6XTeu7JljHXlTQxg1HiqsWSquy7TXu2Yeqax7kTyfKskmBzVZab///mAkWY37U65wDGauN3G71gH/SpaJx/\n  \nlocal-hostname: \"ieatrheldir5b\"\ndisable_root: 0\nssh_pwauth: 1\ntimezone: Europe/Dublin\nlocale: en_IE.utf8\n\nusers:\n  - name: stack\n    lock_passwd: False\n    passwd: '$6$XtX2JYoGf0UbN9lb$Kb9EV.9kEjAADcPzrhiJEOvq5.USUuWgmkUhERj0zLMXVYafPosyIO3mRCo0Tvbx3w8PETgISgzatsK8sFqkI/'\n    ssh_authorized_keys:\n      - file(\"~/.ssh/id_rsa.pub\")\n\nruncmd:\n  - sed -i -e 's/^.*UseDNS.*/UseDNS no/g' /etc/ssh/sshd_config\n  - systemctl restart sshd\n  - systemctl disable NetworkManager\n  - sed -i -e 's/.*192\\.0.*//g' /etc/resolv.conf\n  - localectl set-keymap ie\n  - echo \"stack ALL=(root) NOPASSWD:ALL\" \u003e /etc/sudoers.d/stack\n  - chmod 0440 /etc/sudoers.d/stack\n\ngrowpart:\n  mode: auto\n  devices: ['/']\noutput: { all: \"| tee -a /var/log/cloud-init-output.log\" }\n\n"
          },
          "private": "bnVsbA=="
        }
      ]
    },
    {
      "mode": "managed",
      "type": "libvirt_domain",
      "name": "ieatrheldir5b",
      "provider": "provider.libvirt",
      "instances": [
        {
          "schema_version": 0,
          "attributes": {
            "arch": "x86_64",
            "autostart": false,
            "boot_device": [],
            "cloudinit": "/var/lib/libvirt/images/ieatrheldir5b_cloudinit_disk;5e71f45a-0017-6719-3e7b-3c666691afee",
            "cmdline": null,
            "console": [],
            "coreos_ignition": null,
            "cpu": null,
            "disk": [
              {
                "block_device": "",
                "file": "",
                "scsi": true,
                "url": "",
                "volume_id": "/var/lib/libvirt/images/ieatrheldir5b_vol",
                "wwn": ""
              }
            ],
            "emulator": "/usr/libexec/qemu-kvm",
            "filesystem": [],
            "firmware": "",
            "fw_cfg_name": "opt/com.coreos/config",
            "graphics": [
              {
                "autoport": true,
                "listen_address": "127.0.0.1",
                "listen_type": "address",
                "type": "vnc"
              }
            ],
            "id": "cf356cc7-8f30-494e-9eb6-0238584d1927",
            "initrd": "",
            "kernel": "",
            "machine": "pc",
            "memory": 32768,
            "metadata": null,
            "name": "ieatrheldir5b",
            "network_interface": [
              {
                "addresses": [],
                "bridge": "brmgmt5b",
                "hostname": "",
                "mac": "52:54:00:3E:B3:CA",
                "macvtap": "",
                "network_id": "",
                "network_name": "",
                "passthrough": "",
                "vepa": "",
                "wait_for_lease": false
              },
              {
                "addresses": [],
                "bridge": "brprov5b",
                "hostname": "",
                "mac": "52:54:00:5A:05:98",
                "macvtap": "",
                "network_id": "",
                "network_name": "",
                "passthrough": "",
                "vepa": "",
                "wait_for_lease": false
              },
              {
                "addresses": [],
                "bridge": "brint5b",
                "hostname": "",
                "mac": "52:54:00:BA:E6:95",
                "macvtap": "",
                "network_id": "",
                "network_name": "",
                "passthrough": "",
                "vepa": "",
                "wait_for_lease": false
              }
            ],
            "nvram": [],
            "qemu_agent": false,
            "running": true,
            "timeouts": null,
            "vcpu": 16,
            "video": [
              {
                "type": "vga"
              }
            ],
            "xml": []
          },
          "private": "eyJlMmJmYjczMC1lY2FhLTExZTYtOGY4OC0zNDM2M2JjN2M0YzAiOnsiY3JlYXRlIjozMDAwMDAwMDAwMDB9fQ==",
          "dependencies": [
            "libvirt_cloudinit_disk.ieatrheldir5b_cloudinit_disk",
            "libvirt_volume.ieatrheldir5b_vol",
            "libvirt_volume.rhel_7_7"
          ]
        }
      ]
    },
    {
      "mode": "managed",
      "type": "libvirt_volume",
      "name": "ieatrheldir5b_vol",
      "provider": "provider.libvirt",
      "instances": [
        {
          "schema_version": 0,
          "attributes": {
            "base_volume_id": "/var/lib/libvirt/images/rhel-server-7.7-x86_64-kvm.qcow2",
            "base_volume_name": null,
            "base_volume_pool": null,
            "format": "qcow2",
            "id": "/var/lib/libvirt/images/ieatrheldir5b_vol",
            "name": "ieatrheldir5b_vol",
            "pool": "default",
            "size": 214748364800,
            "source": null,
            "xml": []
          },
          "private": "bnVsbA==",
          "dependencies": [
            "libvirt_volume.rhel_7_7"
          ]
        }
      ]
    },
    {
      "mode": "managed",
      "type": "libvirt_volume",
      "name": "rhel_7_7",
      "provider": "provider.libvirt",
      "instances": [
        {
          "schema_version": 0,
          "attributes": {
            "base_volume_id": null,
            "base_volume_name": null,
            "base_volume_pool": null,
            "format": "qcow2",
            "id": "/var/lib/libvirt/images/rhel-server-7.7-x86_64-kvm.qcow2",
            "name": "rhel-server-7.7-x86_64-kvm.qcow2",
            "pool": "default",
            "size": 10737418240,
            "source": null,
            "xml": []
          },
          "private": "bnVsbA=="
        }
      ]
    }
  ]
}
