{
  "version": 4,
  "terraform_version": "0.12.20",
  "serial": 25,
  "lineage": "443e92bf-86e2-4e0a-ad9b-df54f1ef8ff3",
  "outputs": {},
  "resources": [
    {
      "mode": "managed",
      "type": "libvirt_cloudinit_disk",
      "name": "clouddevanfs_cloudinit_disk",
      "provider": "provider.libvirt",
      "instances": [
        {
          "schema_version": 0,
          "attributes": {
            "id": "/var/lib/libvirt/images/clouddevanfs_cloudinit_disk;5e5cd6ad-0fb5-9b4c-0a57-6accd5bbe2df",
            "meta_data": "instance-id: \"clouddevanfs-001\"\nlocal-hostname: clouddevanfs\n",
            "name": "clouddevanfs_cloudinit_disk",
            "network_config": "version: 1\nconfig:\n  - type: physical\n    name: eth0\n    subnets:\n      - type: static\n        address: 131.160.194.24/26\n        gateway: 131.160.194.1\n  - type: nameserver\n    address:\n      - 159.107.173.3\n      - 159.107.173.12\n    search:\n      - athtem.eei.ericsson.se\n      - ericsson.se\n",
            "pool": "default",
            "user_data": "#cloud-config\ndebug: True\nchpasswd:\n  expire: False\n  list: |\n    root:$6$W6ORbdzbXRyoGi8q$ngK6XTeu7JljHXlTQxg1HiqsWSquy7TXu2Yeqax7kTyfKskmBzVZab///mAkWY37U65wDGauN3G71gH/SpaJx/\n  \nlocal-hostname: clouddevanfs\ndisable_root: 0\nssh_pwauth: 1\ntimezone: Europe/Dublin\nlocale: en_IE.utf8\n\nusers:\n  - name: stack\n    lock_passwd: False\n    passwd: '$6$XtX2JYoGf0UbN9lb$Kb9EV.9kEjAADcPzrhiJEOvq5.USUuWgmkUhERj0zLMXVYafPosyIO3mRCo0Tvbx3w8PETgISgzatsK8sFqkI/'\n\nruncmd:\n  - sed -i -e 's/^.*UseDNS.*/UseDNS no/g' /etc/ssh/sshd_config\n  - systemctl restart sshd\n  - systemctl disable NetworkManager\n  - sed -i -e 's/.*10\\.0.*//g' /etc/resolv.conf\n  - localectl set-keymap ie\n\ngrowpart:\n  mode: auto\n  devices: ['/']\noutput: { all: \"| tee -a /var/log/cloud-init-output.log\" }\n\n"
          },
          "private": "bnVsbA=="
        }
      ]
    },
    {
      "mode": "managed",
      "type": "libvirt_cloudinit_disk",
      "name": "ieatrheldirdeva_cloudinit_disk",
      "provider": "provider.libvirt",
      "instances": [
        {
          "schema_version": 0,
          "attributes": {
            "id": "/var/lib/libvirt/images/ieatrheldirdeva_cloudinit_disk;5e73a494-2750-a12f-d2ea-8d2ba3121068",
            "meta_data": "instance-id: \"ieatrheldirdeva-001\"\nlocal-hostname: \"ieatrheldirdeva\"\n",
            "name": "ieatrheldirdeva_cloudinit_disk",
            "network_config": "version: 1\nconfig:\n  - type: physical\n    name: eth0\n    subnets:\n      - type: static\n        address: 131.160.194.14/26\n        gateway: 131.160.194.1\n  - type: nameserver\n    address:\n      - 159.107.173.3\n      - 159.107.173.12\n    search:\n      - athtem.eei.ericsson.se\n      - ericsson.se\n",
            "pool": "default",
            "user_data": "#cloud-config\ndebug: True\nchpasswd:\n  expire: False\n  list: |\n    root:$6$W6ORbdzbXRyoGi8q$ngK6XTeu7JljHXlTQxg1HiqsWSquy7TXu2Yeqax7kTyfKskmBzVZab///mAkWY37U65wDGauN3G71gH/SpaJx/\n  \nlocal-hostname: \"ieatrheldirdeva\"\ndisable_root: 0\nssh_pwauth: 1\ntimezone: Europe/Dublin\nlocale: en_IE.utf8\n\nusers:\n  - name: stack\n    lock_passwd: False\n    passwd: '$6$XtX2JYoGf0UbN9lb$Kb9EV.9kEjAADcPzrhiJEOvq5.USUuWgmkUhERj0zLMXVYafPosyIO3mRCo0Tvbx3w8PETgISgzatsK8sFqkI/'\n    ssh_authorized_keys:\n      - ssh-rsa AAAAB3NzaC1yc2EAAAADAQABAAABAQDkdHhPX3+jkDkcAy9zHE8PSVD6FPCtINFGnKaGxydyjFNQfsQl912pViAMx/nXDxfE0JpyA7pSb1+sKHTxgcRGKfVcXSu0UlNAJ6FB+vJsP4/vSMiLgK4oQ2BbYDqTxSSw1oDq55NW33Fp3hi2Tr9G3Lz4iKCRcVYtwDdasd0xaB8Eh15baOym7PWbtqEZwl+mu5l8wNyyUD3iQUDWmNKj3JLWxNeXmol2iuKHoBGc3rRx2+Q/Cel55dmNUjbG/AStbyO5Z2g8O7NYrrZQVpScqxtX3pXwQx1L39jOVE/QfFgJd+dNUoYKVEPQ3Faz0Jtx+JiDexgO0DhIiY4ZlfDv ejamduf@IE00057211\n\n\nruncmd:\n  - sed -i -e 's/^.*UseDNS.*/UseDNS no/g' /etc/ssh/sshd_config\n  - systemctl restart sshd\n  - systemctl disable NetworkManager\n  - sed -i -e 's/.*10\\.0.*//g' /etc/resolv.conf\n  - localectl set-keymap ie\n\nwrite_files:\n  - content: |\n      stack ALL=(root) NOPASSWD:ALL\n    permissions: 0440\n    owner: root:root\n    path: /etc/sudoers.d/stack\n\ngrowpart:\n  mode: auto\n  devices: ['/']\noutput: { all: \"| tee -a /var/log/cloud-init-output.log\" }\n\n"
          },
          "private": "bnVsbA=="
        }
      ]
    },
    {
      "mode": "managed",
      "type": "libvirt_domain",
      "name": "clouddevanfs",
      "provider": "provider.libvirt",
      "instances": [
        {
          "schema_version": 0,
          "attributes": {
            "arch": "x86_64",
            "autostart": false,
            "boot_device": [],
            "cloudinit": "/var/lib/libvirt/images/clouddevanfs_cloudinit_disk;5e5cd6ad-0fb5-9b4c-0a57-6accd5bbe2df",
            "cmdline": [],
            "console": [],
            "coreos_ignition": null,
            "cpu": null,
            "disk": [
              {
                "block_device": "",
                "file": "",
                "scsi": true,
                "url": "",
                "volume_id": "/var/lib/libvirt/images/clouddevanfs_vol",
                "wwn": ""
              }
            ],
            "emulator": "/usr/libexec/qemu-kvm",
            "filesystem": [],
            "firmware": "",
            "fw_cfg_name": "opt/com.coreos/config",
            "graphics": [
              {
                "autoport": true,
                "listen_address": "127.0.0.1",
                "listen_type": "address",
                "type": "vnc"
              }
            ],
            "id": "7f446ca7-94a0-4430-8ca6-2ae9c3d9a238",
            "initrd": "",
            "kernel": "",
            "machine": "pc",
            "memory": 4096,
            "metadata": null,
            "name": "clouddevanfs",
            "network_interface": [
              {
                "addresses": [],
                "bridge": "brpub",
                "hostname": "",
                "mac": "52:54:00:F6:C5:86",
                "macvtap": "",
                "network_id": "",
                "network_name": "",
                "passthrough": "",
                "vepa": "",
                "wait_for_lease": false
              }
            ],
            "nvram": [],
            "qemu_agent": false,
            "running": true,
            "timeouts": null,
            "vcpu": 2,
            "video": [
              {
                "type": "vga"
              }
            ],
            "xml": []
          },
          "private": "eyJlMmJmYjczMC1lY2FhLTExZTYtOGY4OC0zNDM2M2JjN2M0YzAiOnsiY3JlYXRlIjozMDAwMDAwMDAwMDB9fQ==",
          "dependencies": [
            "libvirt_cloudinit_disk.clouddevanfs_cloudinit_disk",
            "libvirt_volume.clouddevanfs_vol",
            "libvirt_volume.rhel_7_7"
          ]
        }
      ]
    },
    {
      "mode": "managed",
      "type": "libvirt_domain",
      "name": "ieatrheldirdeva",
      "provider": "provider.libvirt",
      "instances": [
        {
          "schema_version": 0,
          "attributes": {
            "arch": "x86_64",
            "autostart": false,
            "boot_device": [],
            "cloudinit": "/var/lib/libvirt/images/ieatrheldirdeva_cloudinit_disk;5e73a494-2750-a12f-d2ea-8d2ba3121068",
            "cmdline": null,
            "console": [],
            "coreos_ignition": null,
            "cpu": null,
            "disk": [
              {
                "block_device": "",
                "file": "",
                "scsi": true,
                "url": "",
                "volume_id": "/var/lib/libvirt/images/ieatrheldirdeva_vol",
                "wwn": ""
              }
            ],
            "emulator": "/usr/libexec/qemu-kvm",
            "filesystem": [],
            "firmware": "",
            "fw_cfg_name": "opt/com.coreos/config",
            "graphics": [
              {
                "autoport": true,
                "listen_address": "127.0.0.1",
                "listen_type": "address",
                "type": "vnc"
              }
            ],
            "id": "4b94203a-69c4-4a7e-831d-7b761654508d",
            "initrd": "",
            "kernel": "",
            "machine": "pc",
            "memory": 32768,
            "metadata": null,
            "name": "ieatrheldirdeva",
            "network_interface": [
              {
                "addresses": [],
                "bridge": "brpub",
                "hostname": "",
                "mac": "52:54:00:F2:D2:3A",
                "macvtap": "",
                "network_id": "",
                "network_name": "",
                "passthrough": "",
                "vepa": "",
                "wait_for_lease": false
              },
              {
                "addresses": [],
                "bridge": "brprov_devpod",
                "hostname": "",
                "mac": "52:54:00:46:C4:06",
                "macvtap": "",
                "network_id": "",
                "network_name": "",
                "passthrough": "",
                "vepa": "",
                "wait_for_lease": false
              },
              {
                "addresses": [],
                "bridge": "brintapi",
                "hostname": "",
                "mac": "52:54:00:9A:4A:31",
                "macvtap": "",
                "network_id": "",
                "network_name": "",
                "passthrough": "",
                "vepa": "",
                "wait_for_lease": false
              }
            ],
            "nvram": [],
            "qemu_agent": false,
            "running": true,
            "timeouts": null,
            "vcpu": 8,
            "video": [
              {
                "type": "vga"
              }
            ],
            "xml": []
          },
          "private": "eyJlMmJmYjczMC1lY2FhLTExZTYtOGY4OC0zNDM2M2JjN2M0YzAiOnsiY3JlYXRlIjozMDAwMDAwMDAwMDB9fQ==",
          "dependencies": [
            "libvirt_cloudinit_disk.ieatrheldirdeva_cloudinit_disk",
            "libvirt_volume.ieatrheldirdeva_vol",
            "libvirt_volume.rhel_7_7"
          ]
        }
      ]
    },
    {
      "mode": "managed",
      "type": "libvirt_volume",
      "name": "clouddevanfs_vol",
      "provider": "provider.libvirt",
      "instances": [
        {
          "schema_version": 0,
          "attributes": {
            "base_volume_id": "/var/lib/libvirt/images/rhel-server-7.7-x86_64-kvm.qcow2",
            "base_volume_name": null,
            "base_volume_pool": null,
            "format": "qcow2",
            "id": "/var/lib/libvirt/images/clouddevanfs_vol",
            "name": "clouddevanfs_vol",
            "pool": "default",
            "size": 214748364800,
            "source": null,
            "xml": []
          },
          "private": "bnVsbA==",
          "dependencies": [
            "libvirt_volume.rhel_7_7"
          ]
        }
      ]
    },
    {
      "mode": "managed",
      "type": "libvirt_volume",
      "name": "ieatrheldirdeva_vol",
      "provider": "provider.libvirt",
      "instances": [
        {
          "schema_version": 0,
          "attributes": {
            "base_volume_id": "/var/lib/libvirt/images/rhel-server-7.7-x86_64-kvm.qcow2",
            "base_volume_name": null,
            "base_volume_pool": null,
            "format": "qcow2",
            "id": "/var/lib/libvirt/images/ieatrheldirdeva_vol",
            "name": "ieatrheldirdeva_vol",
            "pool": "default",
            "size": 214748364800,
            "source": null,
            "xml": []
          },
          "private": "bnVsbA==",
          "dependencies": [
            "libvirt_volume.rhel_7_7"
          ]
        }
      ]
    },
    {
      "mode": "managed",
      "type": "libvirt_volume",
      "name": "rhel_7_7",
      "provider": "provider.libvirt",
      "instances": [
        {
          "schema_version": 0,
          "attributes": {
            "base_volume_id": null,
            "base_volume_name": null,
            "base_volume_pool": null,
            "format": "qcow2",
            "id": "/var/lib/libvirt/images/rhel-server-7.7-x86_64-kvm.qcow2",
            "name": "rhel-server-7.7-x86_64-kvm.qcow2",
            "pool": "default",
            "size": 10737418240,
            "source": null,
            "xml": []
          },
          "private": "bnVsbA=="
        }
      ]
    }
  ]
}
